<?xml version="1.0" encoding="UTF-8" standalone="yes" ?>
<CodeBlocks_project_file>
	<FileVersion major="1" minor="6" />
	<Project>
		<Option title="PRC31-3" />
		<Option pch_mode="2" />
		<Option compiler="gcc" />
		<Build>
			<Target title="Debug">
				<Option output="bin/Debug/PRC31-3" prefix_auto="1" extension_auto="1" />
				<Option object_output="obj/Debug/" />
				<Option type="1" />
				<Option compiler="gcc" />
				<Compiler>
					<Add option="-g" />
					<Add directory="motorvoertuigen" />
				</Compiler>
			</Target>
			<Target title="test">
				<Option output="bin/test/PRC31-3" prefix_auto="1" extension_auto="1" />
				<Option object_output="obj/Debug/" />
				<Option type="1" />
				<Option compiler="gcc" />
				<Compiler>
					<Add option="-g" />
					<Add directory="test" />
					<Add directory="test/gtest" />
					<Add directory="motorvoertuigen" />
				</Compiler>
			</Target>
		</Build>
		<Compiler>
			<Add option="-Wall" />
		</Compiler>
		<Unit filename="motorvoertuigen/Truck.cpp" />
		<Unit filename="motorvoertuigen/Truck.h" />
		<Unit filename="motorvoertuigen/Car.cpp" />
		<Unit filename="motorvoertuigen/Car.h" />
		<Unit filename="motorvoertuigen/Wheel.cpp" />
		<Unit filename="motorvoertuigen/Wheel.h" />
		<Unit filename="test/TruckTest.cpp">
			<Option target="test" />
		</Unit>
		<Unit filename="test/TruckTest.h">
			<Option target="test" />
		</Unit>
		<Unit filename="test/CarTest.cpp">
			<Option target="test" />
		</Unit>
		<Unit filename="test/CarTest.h">
			<Option target="test" />
		</Unit>
		<Unit filename="test/WheelTest.cpp">
			<Option target="test" />
		</Unit>
		<Unit filename="test/WheelTest.h">
			<Option target="test" />
		</Unit>
		<Unit filename="test/gtest/src/gtest-all.cc">
			<Option target="test" />
		</Unit>
		<Unit filename="test/gtest/src/gtest_main.cc">
			<Option target="test" />
		</Unit>
		<Extensions>
			<code_completion />
			<envvars />
			<debugger />
			<lib_finder disable_auto="1" />
		</Extensions>
	</Project>
</CodeBlocks_project_file>
